
Microsoft Visual Studio Solution File, Format Version 12.00
# Visual Studio Version 16
VisualStudioVersion = 16.0.31424.327
MinimumVisualStudioVersion = 10.0.40219.1
Project("{FAE04EC0-301F-11D3-BF4B-00C04F79EFBC}") = "Practice3", "Practice3\Practice3.csproj", "{40891169-9FBB-4CAB-B3DA-A93121B2DFCB}"
EndProject
Global
	GlobalSection(SolutionConfigurationPlatforms) = preSolution
		Debug|Any CPU = Debug|Any CPU
		Release|Any CPU = Release|Any CPU
	EndGlobalSection
	GlobalSection(ProjectConfigurationPlatforms) = postSolution
		{40891169-9FBB-4CAB-B3DA-A93121B2DFCB}.Debug|Any CPU.ActiveCfg = Debug|Any CPU
		{40891169-9FBB-4CAB-B3DA-A93121B2DFCB}.Debug|Any CPU.Build.0 = Debug|Any CPU
		{40891169-9FBB-4CAB-B3DA-A93121B2DFCB}.Release|Any CPU.ActiveCfg = Release|Any CPU
		{40891169-9FBB-4CAB-B3DA-A93121B2DFCB}.Release|Any CPU.Build.0 = Release|Any CPU
	EndGlobalSection
	GlobalSection(SolutionProperties) = preSolution
		HideSolutionNode = FALSE
	EndGlobalSection
	GlobalSection(ExtensibilityGlobals) = postSolution
		SolutionGuid = {2E8B86F1-EFB9-427C-A359-B75FFEC0C9B5}
	EndGlobalSection
EndGlobal
